// !$*UTF8*$!
{
	archiveVersion = 1;
	classes = {
	};
	objectVersion = 50;
	objects = {

/* Begin PBXBuildFile section */
		09C3D64D20F8712B0048B9D2 /* AppDelegate.swift in Sources */ = {isa = PBXBuildFile; fileRef = 09C3D64C20F8712B0048B9D2 /* AppDelegate.swift */; };
		09C3D65420F8712B0048B9D2 /* Main.storyboard in Resources */ = {isa = PBXBuildFile; fileRef = 09C3D65220F8712B0048B9D2 /* Main.storyboard */; };
		09C3D65920F8712D0048B9D2 /* LaunchScreen.storyboard in Resources */ = {isa = PBXBuildFile; fileRef = 09C3D65720F8712D0048B9D2 /* LaunchScreen.storyboard */; };
		09C3D66420F8712D0048B9D2 /* Generate_AppTests.swift in Sources */ = {isa = PBXBuildFile; fileRef = 09C3D66320F8712D0048B9D2 /* Generate_AppTests.swift */; };
		09C3D66F20F8712D0048B9D2 /* Generate_AppUITests.swift in Sources */ = {isa = PBXBuildFile; fileRef = 09C3D66E20F8712D0048B9D2 /* Generate_AppUITests.swift */; };
		09C3D68020F871D40048B9D2 /* PasswordViewController.swift in Sources */ = {isa = PBXBuildFile; fileRef = 09C3D67D20F871D40048B9D2 /* PasswordViewController.swift */; };
		09C3D68120F871D40048B9D2 /* MenuViewController.swift in Sources */ = {isa = PBXBuildFile; fileRef = 09C3D67E20F871D40048B9D2 /* MenuViewController.swift */; };
		09C3D68720F878A60048B9D2 /* Assets.xcassets in Resources */ = {isa = PBXBuildFile; fileRef = 09C3D68620F878A50048B9D2 /* Assets.xcassets */; };
		09C3D68920F880A40048B9D2 /* AboutApplicationViewController.swift in Sources */ = {isa = PBXBuildFile; fileRef = 09C3D68820F880A40048B9D2 /* AboutApplicationViewController.swift */; };
		09C3D68D20F88D6C0048B9D2 /* SlideViewController.swift in Sources */ = {isa = PBXBuildFile; fileRef = 09C3D68C20F88D6C0048B9D2 /* SlideViewController.swift */; };
/* End PBXBuildFile section */

/* Begin PBXContainerItemProxy section */
		09C3D66020F8712D0048B9D2 /* PBXContainerItemProxy */ = {
			isa = PBXContainerItemProxy;
			containerPortal = 09C3D64120F8712B0048B9D2 /* Project object */;
			proxyType = 1;
			remoteGlobalIDString = 09C3D64820F8712B0048B9D2;
			remoteInfo = "Generate App";
		};
		09C3D66B20F8712D0048B9D2 /* PBXContainerItemProxy */ = {
			isa = PBXContainerItemProxy;
			containerPortal = 09C3D64120F8712B0048B9D2 /* Project object */;
			proxyType = 1;
			remoteGlobalIDString = 09C3D64820F8712B0048B9D2;
			remoteInfo = "Generate App";
		};
/* End PBXContainerItemProxy section */

/* Begin PBXFileReference section */
		09C3D64920F8712B0048B9D2 /* Generate App.app */ = {isa = PBXFileReference; explicitFileType = wrapper.application; includeInIndex = 0; path = "Generate App.app"; sourceTree = BUILT_PRODUCTS_DIR; };
		09C3D64C20F8712B0048B9D2 /* AppDelegate.swift */ = {isa = PBXFileReference; lastKnownFileType = sourcecode.swift; path = AppDelegate.swift; sourceTree = "<group>"; };
		09C3D65320F8712B0048B9D2 /* Base */ = {isa = PBXFileReference; lastKnownFileType = file.storyboard; name = Base; path = Base.lproj/Main.storyboard; sourceTree = "<group>"; };
		09C3D65820F8712D0048B9D2 /* Base */ = {isa = PBXFileReference; lastKnownFileType = file.storyboard; name = Base; path = Base.lproj/LaunchScreen.storyboard; sourceTree = "<group>"; };
		09C3D65A20F8712D0048B9D2 /* Info.plist */ = {isa = PBXFileReference; lastKnownFileType = text.plist.xml; path = Info.plist; sourceTree = "<group>"; };
		09C3D65F20F8712D0048B9D2 /* Generate AppTests.xctest */ = {isa = PBXFileReference; explicitFileType = wrapper.cfbundle; includeInIndex = 0; path = "Generate AppTests.xctest"; sourceTree = BUILT_PRODUCTS_DIR; };
		09C3D66320F8712D0048B9D2 /* Generate_AppTests.swift */ = {isa = PBXFileReference; lastKnownFileType = sourcecode.swift; path = Generate_AppTests.swift; sourceTree = "<group>"; };
		09C3D66520F8712D0048B9D2 /* Info.plist */ = {isa = PBXFileReference; lastKnownFileType = text.plist.xml; path = Info.plist; sourceTree = "<group>"; };
		09C3D66A20F8712D0048B9D2 /* Generate AppUITests.xctest */ = {isa = PBXFileReference; explicitFileType = wrapper.cfbundle; includeInIndex = 0; path = "Generate AppUITests.xctest"; sourceTree = BUILT_PRODUCTS_DIR; };
		09C3D66E20F8712D0048B9D2 /* Generate_AppUITests.swift */ = {isa = PBXFileReference; lastKnownFileType = sourcecode.swift; path = Generate_AppUITests.swift; sourceTree = "<group>"; };
		09C3D67020F8712D0048B9D2 /* Info.plist */ = {isa = PBXFileReference; lastKnownFileType = text.plist.xml; path = Info.plist; sourceTree = "<group>"; };
		09C3D67D20F871D40048B9D2 /* PasswordViewController.swift */ = {isa = PBXFileReference; fileEncoding = 4; lastKnownFileType = sourcecode.swift; path = PasswordViewController.swift; sourceTree = "<group>"; };
		09C3D67E20F871D40048B9D2 /* MenuViewController.swift */ = {isa = PBXFileReference; fileEncoding = 4; lastKnownFileType = sourcecode.swift; path = MenuViewController.swift; sourceTree = "<group>"; };
		09C3D68620F878A50048B9D2 /* Assets.xcassets */ = {isa = PBXFileReference; lastKnownFileType = folder.assetcatalog; path = Assets.xcassets; sourceTree = "<group>"; };
		09C3D68820F880A40048B9D2 /* AboutApplicationViewController.swift */ = {isa = PBXFileReference; lastKnownFileType = sourcecode.swift; path = AboutApplicationViewController.swift; sourceTree = "<group>"; };
		09C3D68C20F88D6C0048B9D2 /* SlideViewController.swift */ = {isa = PBXFileReference; lastKnownFileType = sourcecode.swift; path = SlideViewController.swift; sourceTree = "<group>"; };
/* End PBXFileReference section */

/* Begin PBXFrameworksBuildPhase section */
		09C3D64620F8712B0048B9D2 /* Frameworks */ = {
			isa = PBXFrameworksBuildPhase;
			buildActionMask = 2147483647;
			files = (
			);
			runOnlyForDeploymentPostprocessing = 0;
		};
		09C3D65C20F8712D0048B9D2 /* Frameworks */ = {
			isa = PBXFrameworksBuildPhase;
			buildActionMask = 2147483647;
			files = (
			);
			runOnlyForDeploymentPostprocessing = 0;
		};
		09C3D66720F8712D0048B9D2 /* Frameworks */ = {
			isa = PBXFrameworksBuildPhase;
			buildActionMask = 2147483647;
			files = (
			);
			runOnlyForDeploymentPostprocessing = 0;
		};
/* End PBXFrameworksBuildPhase section */

/* Begin PBXGroup section */
		09C3D64020F8712B0048B9D2 = {
			isa = PBXGroup;
			children = (
				09C3D64B20F8712B0048B9D2 /* Generate App */,
				09C3D66220F8712D0048B9D2 /* Generate AppTests */,
				09C3D66D20F8712D0048B9D2 /* Generate AppUITests */,
				09C3D64A20F8712B0048B9D2 /* Products */,
			);
			sourceTree = "<group>";
		};
		09C3D64A20F8712B0048B9D2 /* Products */ = {
			isa = PBXGroup;
			children = (
				09C3D64920F8712B0048B9D2 /* Generate App.app */,
				09C3D65F20F8712D0048B9D2 /* Generate AppTests.xctest */,
				09C3D66A20F8712D0048B9D2 /* Generate AppUITests.xctest */,
			);
			name = Products;
			sourceTree = "<group>";
		};
		09C3D64B20F8712B0048B9D2 /* Generate App */ = {
			isa = PBXGroup;
			children = (
				09C3D67E20F871D40048B9D2 /* MenuViewController.swift */,
				09C3D67D20F871D40048B9D2 /* PasswordViewController.swift */,
				09C3D64C20F8712B0048B9D2 /* AppDelegate.swift */,
				09C3D65220F8712B0048B9D2 /* Main.storyboard */,
				09C3D65720F8712D0048B9D2 /* LaunchScreen.storyboard */,
				09C3D68620F878A50048B9D2 /* Assets.xcassets */,
				09C3D65A20F8712D0048B9D2 /* Info.plist */,
				09C3D68820F880A40048B9D2 /* AboutApplicationViewController.swift */,
				09C3D68C20F88D6C0048B9D2 /* SlideViewController.swift */,
			);
			path = "Generate App";
			sourceTree = "<group>";
		};
		09C3D66220F8712D0048B9D2 /* Generate AppTests */ = {
			isa = PBXGroup;
			children = (
				09C3D66320F8712D0048B9D2 /* Generate_AppTests.swift */,
				09C3D66520F8712D0048B9D2 /* Info.plist */,
			);
			path = "Generate AppTests";
			sourceTree = "<group>";
		};
		09C3D66D20F8712D0048B9D2 /* Generate AppUITests */ = {
			isa = PBXGroup;
			children = (
				09C3D66E20F8712D0048B9D2 /* Generate_AppUITests.swift */,
				09C3D67020F8712D0048B9D2 /* Info.plist */,
			);
			path = "Generate AppUITests";
			sourceTree = "<group>";
		};
/* End PBXGroup section */

/* Begin PBXNativeTarget section */
		09C3D64820F8712B0048B9D2 /* Generate App */ = {
			isa = PBXNativeTarget;
			buildConfigurationList = 09C3D67320F8712D0048B9D2 /* Build configuration list for PBXNativeTarget "Generate App" */;
			buildPhases = (
				09C3D64520F8712B0048B9D2 /* Sources */,
				09C3D64620F8712B0048B9D2 /* Frameworks */,
				09C3D64720F8712B0048B9D2 /* Resources */,
			);
			buildRules = (
			);
			dependencies = (
			);
			name = "Generate App";
			productName = "Generate App";
			productReference = 09C3D64920F8712B0048B9D2 /* Generate App.app */;
			productType = "com.apple.product-type.application";
		};
		09C3D65E20F8712D0048B9D2 /* Generate AppTests */ = {
			isa = PBXNativeTarget;
			buildConfigurationList = 09C3D67620F8712D0048B9D2 /* Build configuration list for PBXNativeTarget "Generate AppTests" */;
			buildPhases = (
				09C3D65B20F8712D0048B9D2 /* Sources */,
				09C3D65C20F8712D0048B9D2 /* Frameworks */,
				09C3D65D20F8712D0048B9D2 /* Resources */,
			);
			buildRules = (
			);
			dependencies = (
				09C3D66120F8712D0048B9D2 /* PBXTargetDependency */,
			);
			name = "Generate AppTests";
			productName = "Generate AppTests";
			productReference = 09C3D65F20F8712D0048B9D2 /* Generate AppTests.xctest */;
			productType = "com.apple.product-type.bundle.unit-test";
		};
		09C3D66920F8712D0048B9D2 /* Generate AppUITests */ = {
			isa = PBXNativeTarget;
			buildConfigurationList = 09C3D67920F8712D0048B9D2 /* Build configuration list for PBXNativeTarget "Generate AppUITests" */;
			buildPhases = (
				09C3D66620F8712D0048B9D2 /* Sources */,
				09C3D66720F8712D0048B9D2 /* Frameworks */,
				09C3D66820F8712D0048B9D2 /* Resources */,
			);
			buildRules = (
			);
			dependencies = (
				09C3D66C20F8712D0048B9D2 /* PBXTargetDependency */,
			);
			name = "Generate AppUITests";
			productName = "Generate AppUITests";
			productReference = 09C3D66A20F8712D0048B9D2 /* Generate AppUITests.xctest */;
			productType = "com.apple.product-type.bundle.ui-testing";
		};
/* End PBXNativeTarget section */

/* Begin PBXProject section */
		09C3D64120F8712B0048B9D2 /* Project object */ = {
			isa = PBXProject;
			attributes = {
				LastSwiftUpdateCheck = 0940;
				LastUpgradeCheck = 0940;
				ORGANIZATIONNAME = spollock;
				TargetAttributes = {
					09C3D64820F8712B0048B9D2 = {
						CreatedOnToolsVersion = 9.4.1;
					};
					09C3D65E20F8712D0048B9D2 = {
						CreatedOnToolsVersion = 9.4.1;
						TestTargetID = 09C3D64820F8712B0048B9D2;
					};
					09C3D66920F8712D0048B9D2 = {
						CreatedOnToolsVersion = 9.4.1;
						TestTargetID = 09C3D64820F8712B0048B9D2;
					};
				};
			};
			buildConfigurationList = 09C3D64420F8712B0048B9D2 /* Build configuration list for PBXProject "Generate App" */;
			compatibilityVersion = "Xcode 9.3";
			developmentRegion = en;
			hasScannedForEncodings = 0;
			knownRegions = (
				en,
				Base,
			);
			mainGroup = 09C3D64020F8712B0048B9D2;
			productRefGroup = 09C3D64A20F8712B0048B9D2 /* Products */;
			projectDirPath = "";
			projectRoot = "";
			targets = (
				09C3D64820F8712B0048B9D2 /* Generate App */,
				09C3D65E20F8712D0048B9D2 /* Generate AppTests */,
				09C3D66920F8712D0048B9D2 /* Generate AppUITests */,
			);
		};
/* End PBXProject section */

/* Begin PBXResourcesBuildPhase section */
		09C3D64720F8712B0048B9D2 /* Resources */ = {
			isa = PBXResourcesBuildPhase;
			buildActionMask = 2147483647;
			files = (
				09C3D65920F8712D0048B9D2 /* LaunchScreen.storyboard in Resources */,
				09C3D65420F8712B0048B9D2 /* Main.storyboard in Resources */,
				09C3D68720F878A60048B9D2 /* Assets.xcassets in Resources */,
			);
			runOnlyForDeploymentPostprocessing = 0;
		};
		09C3D65D20F8712D0048B9D2 /* Resources */ = {
			isa = PBXResourcesBuildPhase;
			buildActionMask = 2147483647;
			files = (
			);
			runOnlyForDeploymentPostprocessing = 0;
		};
		09C3D66820F8712D0048B9D2 /* Resources */ = {
			isa = PBXResourcesBuildPhase;
			buildActionMask = 2147483647;
			files = (
			);
			runOnlyForDeploymentPostprocessing = 0;
		};
/* End PBXResourcesBuildPhase section */

/* Begin PBXSourcesBuildPhase section */
		09C3D64520F8712B0048B9D2 /* Sources */ = {
			isa = PBXSourcesBuildPhase;
			buildActionMask = 2147483647;
			files = (
				09C3D68020F871D40048B9D2 /* PasswordViewController.swift in Sources */,
				09C3D68120F871D40048B9D2 /* MenuViewController.swift in Sources */,
				09C3D68D20F88D6C0048B9D2 /* SlideViewController.swift in Sources */,
				09C3D64D20F8712B0048B9D2 /* AppDelegate.swift in Sources */,
				09C3D68920F880A40048B9D2 /* AboutApplicationViewController.swift in Sources */,
			);
			runOnlyForDeploymentPostprocessing = 0;
		};
		09C3D65B20F8712D0048B9D2 /* Sources */ = {
			isa = PBXSourcesBuildPhase;
			buildActionMask = 2147483647;
			files = (
				09C3D66420F8712D0048B9D2 /* Generate_AppTests.swift in Sources */,
			);
			runOnlyForDeploymentPostprocessing = 0;
		};
		09C3D66620F8712D0048B9D2 /* Sources */ = {
			isa = PBXSourcesBuildPhase;
			buildActionMask = 2147483647;
			files = (
				09C3D66F20F8712D0048B9D2 /* Generate_AppUITests.swift in Sources */,
			);
			runOnlyForDeploymentPostprocessing = 0;
		};
/* End PBXSourcesBuildPhase section */

/* Begin PBXTargetDependency section */
		09C3D66120F8712D0048B9D2 /* PBXTargetDependency */ = {
			isa = PBXTargetDependency;
			target = 09C3D64820F8712B0048B9D2 /* Generate App */;
			targetProxy = 09C3D66020F8712D0048B9D2 /* PBXContainerItemProxy */;
		};
		09C3D66C20F8712D0048B9D2 /* PBXTargetDependency */ = {
			isa = PBXTargetDependency;
			target = 09C3D64820F8712B0048B9D2 /* Generate App */;
			targetProxy = 09C3D66B20F8712D0048B9D2 /* PBXContainerItemProxy */;
		};
/* End PBXTargetDependency section */

/* Begin PBXVariantGroup section */
		09C3D65220F8712B0048B9D2 /* Main.storyboard */ = {
			isa = PBXVariantGroup;
			children = (
				09C3D65320F8712B0048B9D2 /* Base */,
			);
			name = Main.storyboard;
			sourceTree = "<group>";
		};
		09C3D65720F8712D0048B9D2 /* LaunchScreen.storyboard */ = {
			isa = PBXVariantGroup;
			children = (
				09C3D65820F8712D0048B9D2 /* Base */,
			);
			name = LaunchScreen.storyboard;
			sourceTree = "<group>";
		};
/* End PBXVariantGroup section */

/* Begin XCBuildConfiguration section */
		09C3D67120F8712D0048B9D2 /* Debug */ = {
			isa = XCBuildConfiguration;
			buildSettings = {
				ALWAYS_SEARCH_USER_PATHS = NO;
				CLANG_ANALYZER_NONNULL = YES;
				CLANG_ANALYZER_NUMBER_OBJECT_CONVERSION = YES_AGGRESSIVE;
				CLANG_CXX_LANGUAGE_STANDARD = "gnu++14";
				CLANG_CXX_LIBRARY = "libc++";
				CLANG_ENABLE_MODULES = YES;
				CLANG_ENABLE_OBJC_ARC = YES;
				CLANG_ENABLE_OBJC_WEAK = YES;
				CLANG_WARN_BLOCK_CAPTURE_AUTORELEASING = YES;
				CLANG_WARN_BOOL_CONVERSION = YES;
				CLANG_WARN_COMMA = YES;
				CLANG_WARN_CONSTANT_CONVERSION = YES;
				CLANG_WARN_DEPRECATED_OBJC_IMPLEMENTATIONS = YES;
				CLANG_WARN_DIRECT_OBJC_ISA_USAGE = YES_ERROR;
				CLANG_WARN_DOCUMENTATION_COMMENTS = YES;
				CLANG_WARN_EMPTY_BODY = YES;
				CLANG_WARN_ENUM_CONVERSION = YES;
				CLANG_WARN_INFINITE_RECURSION = YES;
				CLANG_WARN_INT_CONVERSION = YES;
				CLANG_WARN_NON_LITERAL_NULL_CONVERSION = YES;
				CLANG_WARN_OBJC_IMPLICIT_RETAIN_SELF = YES;
				CLANG_WARN_OBJC_LITERAL_CONVERSION = YES;
				CLANG_WARN_OBJC_ROOT_CLASS = YES_ERROR;
				CLANG_WARN_RANGE_LOOP_ANALYSIS = YES;
				CLANG_WARN_STRICT_PROTOTYPES = YES;
				CLANG_WARN_SUSPICIOUS_MOVE = YES;
				CLANG_WARN_UNGUARDED_AVAILABILITY = YES_AGGRESSIVE;
				CLANG_WARN_UNREACHABLE_CODE = YES;
				CLANG_WARN__DUPLICATE_METHOD_MATCH = YES;
				CODE_SIGN_IDENTITY = "iPhone Developer";
				COPY_PHASE_STRIP = NO;
				DEBUG_INFORMATION_FORMAT = dwarf;
				ENABLE_STRICT_OBJC_MSGSEND = YES;
				ENABLE_TESTABILITY = YES;
				GCC_C_LANGUAGE_STANDARD = gnu11;
				GCC_DYNAMIC_NO_PIC = NO;
				GCC_NO_COMMON_BLOCKS = YES;
				GCC_OPTIMIZATION_LEVEL = 0;
				GCC_PREPROCESSOR_DEFINITIONS = (
					"DEBUG=1",
					"$(inherited)",
				);
				GCC_WARN_64_TO_32_BIT_CONVERSION = YES;
				GCC_WARN_ABOUT_RETURN_TYPE = YES_ERROR;
				GCC_WARN_UNDECLARED_SELECTOR = YES;
				GCC_WARN_UNINITIALIZED_AUTOS = YES_AGGRESSIVE;
				GCC_WARN_UNUSED_FUNCTION = YES;
				GCC_WARN_UNUSED_VARIABLE = YES;
				IPHONEOS_DEPLOYMENT_TARGET = 11.4;
				MTL_ENABLE_DEBUG_INFO = YES;
				ONLY_ACTIVE_ARCH = YES;
				SDKROOT = iphoneos;
				SWIFT_ACTIVE_COMPILATION_CONDITIONS = DEBUG;
				SWIFT_OPTIMIZATION_LEVEL = "-Onone";
			};
			name = Debug;
		};
		09C3D67220F8712D0048B9D2 /* Release */ = {
			isa = XCBuildConfiguration;
			buildSettings = {
				ALWAYS_SEARCH_USER_PATHS = NO;
				CLANG_ANALYZER_NONNULL = YES;
				CLANG_ANALYZER_NUMBER_OBJECT_CONVERSION = YES_AGGRESSIVE;
				CLANG_CXX_LANGUAGE_STANDARD = "gnu++14";
				CLANG_CXX_LIBRARY = "libc++";
				CLANG_ENABLE_MODULES = YES;
				CLANG_ENABLE_OBJC_ARC = YES;
				CLANG_ENABLE_OBJC_WEAK = YES;
				CLANG_WARN_BLOCK_CAPTURE_AUTORELEASING = YES;
				CLANG_WARN_BOOL_CONVERSION = YES;
				CLANG_WARN_COMMA = YES;
				CLANG_WARN_CONSTANT_CONVERSION = YES;
				CLANG_WARN_DEPRECATED_OBJC_IMPLEMENTATIONS = YES;
				CLANG_WARN_DIRECT_OBJC_ISA_USAGE = YES_ERROR;
				CLANG_WARN_DOCUMENTATION_COMMENTS = YES;
				CLANG_WARN_EMPTY_BODY = YES;
				CLANG_WARN_ENUM_CONVERSION = YES;
				CLANG_WARN_INFINITE_RECURSION = YES;
				CLANG_WARN_INT_CONVERSION = YES;
				CLANG_WARN_NON_LITERAL_NULL_CONVERSION = YES;
				CLANG_WARN_OBJC_IMPLICIT_RETAIN_SELF = YES;
				CLANG_WARN_OBJC_LITERAL_CONVERSION = YES;
				CLANG_WARN_OBJC_ROOT_CLASS = YES_ERROR;
				CLANG_WARN_RANGE_LOOP_ANALYSIS = YES;
				CLANG_WARN_STRICT_PROTOTYPES = YES;
				CLANG_WARN_SUSPICIOUS_MOVE = YES;
				CLANG_WARN_UNGUARDED_AVAILABILITY = YES_AGGRESSIVE;
				CLANG_WARN_UNREACHABLE_CODE = YES;
				CLANG_WARN__DUPLICATE_METHOD_MATCH = YES;
				CODE_SIGN_IDENTITY = "iPhone Developer";
				COPY_PHASE_STRIP = NO;
				DEBUG_INFORMATION_FORMAT = "dwarf-with-dsym";
				ENABLE_NS_ASSERTIONS = NO;
				ENABLE_STRICT_OBJC_MSGSEND = YES;
				GCC_C_LANGUAGE_STANDARD = gnu11;
				GCC_NO_COMMON_BLOCKS = YES;
				GCC_WARN_64_TO_32_BIT_CONVERSION = YES;
				GCC_WARN_ABOUT_RETURN_TYPE = YES_ERROR;
				GCC_WARN_UNDECLARED_SELECTOR = YES;
				GCC_WARN_UNINITIALIZED_AUTOS = YES_AGGRESSIVE;
				GCC_WARN_UNUSED_FUNCTION = YES;
				GCC_WARN_UNUSED_VARIABLE = YES;
				IPHONEOS_DEPLOYMENT_TARGET = 11.4;
				MTL_ENABLE_DEBUG_INFO = NO;
				SDKROOT = iphoneos;
				SWIFT_COMPILATION_MODE = wholemodule;
				SWIFT_OPTIMIZATION_LEVEL = "-O";
				VALIDATE_PRODUCT = YES;
			};
			name = Release;
		};
		09C3D67420F8712D0048B9D2 /* Debug */ = {
			isa = XCBuildConfiguration;
			buildSettings = {
				ASSETCATALOG_COMPILER_APPICON_NAME = AppIcon;
				CODE_SIGN_STYLE = Automatic;
				DEVELOPMENT_TEAM = 26RCKZ873P;
				INFOPLIST_FILE = "Generate App/Info.plist";
				LD_RUNPATH_SEARCH_PATHS = (
					"$(inherited)",
					"@executable_path/Frameworks",
				);
				PRODUCT_BUNDLE_IDENTIFIER = "ca.spollock.Generate-Password-App";
				PRODUCT_NAME = "$(TARGET_NAME)";
				SWIFT_VERSION = 4.0;
				TARGETED_DEVICE_FAMILY = "1,2";
			};
			name = Debug;
		};
		09C3D67520F8712D0048B9D2 /* Release */ = {
			isa = XCBuildConfiguration;
			buildSettings = {
				ASSETCATALOG_COMPILER_APPICON_NAME = AppIcon;
				CODE_SIGN_STYLE = Automatic;
				DEVELOPMENT_TEAM = 26RCKZ873P;
				INFOPLIST_FILE = "Generate App/Info.plist";
				LD_RUNPATH_SEARCH_PATHS = (
					"$(inherited)",
					"@executable_path/Frameworks",
				);
				PRODUCT_BUNDLE_IDENTIFIER = "ca.spollock.Generate-Password-App";
				PRODUCT_NAME = "$(TARGET_NAME)";
				SWIFT_VERSION = 4.0;
				TARGETED_DEVICE_FAMILY = "1,2";
			};
			name = Release;
		};
		09C3D67720F8712D0048B9D2 /* Debug */ = {
			isa = XCBuildConfiguration;
			buildSettings = {
				ALWAYS_EMBED_SWIFT_STANDARD_LIBRARIES = YES;
				BUNDLE_LOADER = "$(TEST_HOST)";
				CODE_SIGN_STYLE = Automatic;
				DEVELOPMENT_TEAM = 26RCKZ873P;
				INFOPLIST_FILE = "Generate AppTests/Info.plist";
				LD_RUNPATH_SEARCH_PATHS = (
					"$(inherited)",
					"@executable_path/Frameworks",
					"@loader_path/Frameworks",
				);
				PRODUCT_BUNDLE_IDENTIFIER = "ca.spollock.Generate-AppTests";
				PRODUCT_NAME = "$(TARGET_NAME)";
				SWIFT_VERSION = 4.0;
				TARGETED_DEVICE_FAMILY = "1,2";
				TEST_HOST = "$(BUILT_PRODUCTS_DIR)/Generate App.app/Generate App";
			};
			name = Debug;
		};
		09C3D67820F8712D0048B9D2 /* Release */ = {
			isa = XCBuildConfiguration;
			buildSettings = {
				ALWAYS_EMBED_SWIFT_STANDARD_LIBRARIES = YES;
				BUNDLE_LOADER = "$(TEST_HOST)";
				CODE_SIGN_STYLE = Automatic;
				DEVELOPMENT_TEAM = 26RCKZ873P;
				INFOPLIST_FILE = "Generate AppTests/Info.plist";
				LD_RUNPATH_SEARCH_PATHS = (
					"$(inherited)",
					"@executable_path/Frameworks",
					"@loader_path/Frameworks",
				);
				PRODUCT_BUNDLE_IDENTIFIER = "ca.spollock.Generate-AppTests";
				PRODUCT_NAME = "$(TARGET_NAME)";
				SWIFT_VERSION = 4.0;
				TARGETED_DEVICE_FAMILY = "1,2";
				TEST_HOST = "$(BUILT_PRODUCTS_DIR)/Generate App.app/Generate App";
			};
			name = Release;
		};
		09C3D67A20F8712D0048B9D2 /* Debug */ = {
			isa = XCBuildConfiguration;
			buildSettings = {
				ALWAYS_EMBED_SWIFT_STANDARD_LIBRARIES = YES;
				CODE_SIGN_STYLE = Automatic;
				DEVELOPMENT_TEAM = 26RCKZ873P;
				INFOPLIST_FILE = "Generate AppUITests/Info.plist";
				LD_RUNPATH_SEARCH_PATHS = (
					"$(inherited)",
					"@executable_path/Frameworks",
					"@loader_path/Frameworks",
				);
				PRODUCT_BUNDLE_IDENTIFIER = "ca.spollock.Generate-AppUITests";
				PRODUCT_NAME = "$(TARGET_NAME)";
				SWIFT_VERSION = 4.0;
				TARGETED_DEVICE_FAMILY = "1,2";
				TEST_TARGET_NAME = "Generate App";
			};
			name = Debug;
		};
		09C3D67B20F8712D0048B9D2 /* Release */ = {
			isa = XCBuildConfiguration;
			buildSettings = {
				ALWAYS_EMBED_SWIFT_STANDARD_LIBRARIES = YES;
				CODE_SIGN_STYLE = Automatic;
				DEVELOPMENT_TEAM = 26RCKZ873P;
				INFOPLIST_FILE = "Generate AppUITests/Info.plist";
				LD_RUNPATH_SEARCH_PATHS = (
					"$(inherited)",
					"@executable_path/Frameworks",
					"@loader_path/Frameworks",
				);
				PRODUCT_BUNDLE_IDENTIFIER = "ca.spollock.Generate-AppUITests";
				PRODUCT_NAME = "$(TARGET_NAME)";
				SWIFT_VERSION = 4.0;
				TARGETED_DEVICE_FAMILY = "1,2";
				TEST_TARGET_NAME = "Generate App";
			};
			name = Release;
		};
/* End XCBuildConfiguration section */

/* Begin XCConfigurationList section */
		09C3D64420F8712B0048B9D2 /* Build configuration list for PBXProject "Generate App" */ = {
			isa = XCConfigurationList;
			buildConfigurations = (
				09C3D67120F8712D0048B9D2 /* Debug */,
				09C3D67220F8712D0048B9D2 /* Release */,
			);
			defaultConfigurationIsVisible = 0;
			defaultConfigurationName = Release;
		};
		09C3D67320F8712D0048B9D2 /* Build configuration list for PBXNativeTarget "Generate App" */ = {
			isa = XCConfigurationList;
			buildConfigurations = (
				09C3D67420F8712D0048B9D2 /* Debug */,
				09C3D67520F8712D0048B9D2 /* Release */,
			);
			defaultConfigurationIsVisible = 0;
			defaultConfigurationName = Release;
		};
		09C3D67620F8712D0048B9D2 /* Build configuration list for PBXNativeTarget "Generate AppTests" */ = {
			isa = XCConfigurationList;
			buildConfigurations = (
				09C3D67720F8712D0048B9D2 /* Debug */,
				09C3D67820F8712D0048B9D2 /* Release */,
			);
			defaultConfigurationIsVisible = 0;
			defaultConfigurationName = Release;
		};
		09C3D67920F8712D0048B9D2 /* Build configuration list for PBXNativeTarget "Generate AppUITests" */ = {
			isa = XCConfigurationList;
			buildConfigurations = (
				09C3D67A20F8712D0048B9D2 /* Debug */,
				09C3D67B20F8712D0048B9D2 /* Release */,
			);
			defaultConfigurationIsVisible = 0;
			defaultConfigurationName = Release;
		};
/* End XCConfigurationList section */
	};
	rootObject = 09C3D64120F8712B0048B9D2 /* Project object */;
}
